
Microsoft Visual Studio Solution File, Format Version 12.00
# Visual Studio Version 17
VisualStudioVersion = 17.4.33122.133
MinimumVisualStudioVersion = 10.0.40219.1
Project("{FAE04EC0-301F-11D3-BF4B-00C04F79EFBC}") = "Asad_MicroServicesPractice", "Asad_MicroServicesPractice\Asad_MicroServicesPractice.csproj", "{71D341EC-AE4B-4D71-8D71-5B1950C1687A}"
EndProject
Global
	GlobalSection(SolutionConfigurationPlatforms) = preSolution
		Debug|Any CPU = Debug|Any CPU
		Release|Any CPU = Release|Any CPU
	EndGlobalSection
	GlobalSection(ProjectConfigurationPlatforms) = postSolution
		{71D341EC-AE4B-4D71-8D71-5B1950C1687A}.Debug|Any CPU.ActiveCfg = Debug|Any CPU
		{71D341EC-AE4B-4D71-8D71-5B1950C1687A}.Debug|Any CPU.Build.0 = Debug|Any CPU
		{71D341EC-AE4B-4D71-8D71-5B1950C1687A}.Release|Any CPU.ActiveCfg = Release|Any CPU
		{71D341EC-AE4B-4D71-8D71-5B1950C1687A}.Release|Any CPU.Build.0 = Release|Any CPU
	EndGlobalSection
	GlobalSection(SolutionProperties) = preSolution
		HideSolutionNode = FALSE
	EndGlobalSection
	GlobalSection(ExtensibilityGlobals) = postSolution
		SolutionGuid = {8EB4AB1E-7BC8-4606-8BD5-5E413DC88460}
	EndGlobalSection
EndGlobal
